{
  "version": 4,
  "terraform_version": "1.14.6",
  "serial": 3,
  "lineage": "0f5b7746-57fa-51a0-5ceb-5c39b98bc0b6",
  "outputs": {},
  "resources": [
    {
      "mode": "managed",
      "type": "aws_vpc",
      "name": "name",
      "provider": "provider[\"registry.terraform.io/hashicorp/aws\"]",
      "instances": [
        {
          "schema_version": 1,
          "attributes": {
            "arn": "arn:aws:ec2:us-east-1:442707284116:vpc/vpc-0901c08ba0a77a79b",
            "assign_generated_ipv6_cidr_block": false,
            "cidr_block": "10.0.0.0/16",
            "default_network_acl_id": "acl-07b1d0f411de21c5c",
            "default_route_table_id": "rtb-0665bece683e4f000",
            "default_security_group_id": "sg-0b892790795388b67",
            "dhcp_options_id": "dopt-0e4c37cccfdaef52b",
            "enable_dns_hostnames": false,
            "enable_dns_support": true,
            "enable_network_address_usage_metrics": false,
            "id": "vpc-0901c08ba0a77a79b",
            "instance_tenancy": "default",
            "ipv4_ipam_pool_id": null,
            "ipv4_netmask_length": null,
            "ipv6_association_id": "",
            "ipv6_cidr_block": "",
            "ipv6_cidr_block_network_border_group": "",
            "ipv6_ipam_pool_id": "",
            "ipv6_netmask_length": 0,
            "main_route_table_id": "rtb-0665bece683e4f000",
            "owner_id": "442707284116",
            "region": "us-east-1",
            "tags": {
              "Name": "dev1"
            },
            "tags_all": {
              "Name": "dev1"
            }
          },
          "sensitive_attributes": [],
          "identity_schema_version": 0,
          "identity": {
            "account_id": "442707284116",
            "id": "vpc-0901c08ba0a77a79b",
            "region": "us-east-1"
          },
          "private": "eyJzY2hlbWFfdmVyc2lvbiI6IjEifQ=="
        }
      ]
    }
  ],
  "check_results": null
}
